
Microsoft Visual Studio Solution File, Format Version 12.00
# Visual Studio 2015
Project("{FAE04EC0-301F-11D3-BF4B-00C04F79EFBC}") = "ANewHappyDay.CSharp", "ANewHappyDay.CSharp.csproj", "{BED333C4-7BA7-A1A8-0909-E03175F6D1AD}"
EndProject
Project("{FAE04EC0-301F-11D3-BF4B-00C04F79EFBC}") = "ANewHappyDay.CSharp.Editor", "ANewHappyDay.CSharp.Editor.csproj", "{B2EE5BD8-94B7-39F3-BF29-8836A217D476}"
EndProject
Global
	GlobalSection(SolutionConfigurationPlatforms) = preSolution
		Debug|Any CPU = Debug|Any CPU
		Release|Any CPU = Release|Any CPU
	EndGlobalSection
	GlobalSection(ProjectConfigurationPlatforms) = postSolution
		{BED333C4-7BA7-A1A8-0909-E03175F6D1AD}.Debug|Any CPU.ActiveCfg = Debug|Any CPU
		{BED333C4-7BA7-A1A8-0909-E03175F6D1AD}.Debug|Any CPU.Build.0 = Debug|Any CPU
		{BED333C4-7BA7-A1A8-0909-E03175F6D1AD}.Release|Any CPU.ActiveCfg = Release|Any CPU
		{BED333C4-7BA7-A1A8-0909-E03175F6D1AD}.Release|Any CPU.Build.0 = Release|Any CPU
		{B2EE5BD8-94B7-39F3-BF29-8836A217D476}.Debug|Any CPU.ActiveCfg = Debug|Any CPU
		{B2EE5BD8-94B7-39F3-BF29-8836A217D476}.Debug|Any CPU.Build.0 = Debug|Any CPU
		{B2EE5BD8-94B7-39F3-BF29-8836A217D476}.Release|Any CPU.ActiveCfg = Release|Any CPU
		{B2EE5BD8-94B7-39F3-BF29-8836A217D476}.Release|Any CPU.Build.0 = Release|Any CPU
	EndGlobalSection
	GlobalSection(SolutionProperties) = preSolution
		HideSolutionNode = FALSE
	EndGlobalSection
EndGlobal
