Microsoft Visual Studio Solution File, Format Version 11.00
# Visual Studio 2008

Project("{D387E9CF-C091-127D-9D54-05C70691946E}") = "ANewHappyDay", "Assembly-CSharp.csproj", "{51874C7F-42B7-FC24-90E5-E84FFF22404B}"
EndProject
Project("{D387E9CF-C091-127D-9D54-05C70691946E}") = "ANewHappyDay", "Assembly-CSharp-Editor.csproj", "{9D167EC6-585A-30C5-2592-127ADF749AEE}"
EndProject
Global
	GlobalSection(SolutionConfigurationPlatforms) = preSolution
		Debug|Any CPU = Debug|Any CPU
		Release|Any CPU = Release|Any CPU
	EndGlobalSection
	GlobalSection(ProjectConfigurationPlatforms) = postSolution
		{51874C7F-42B7-FC24-90E5-E84FFF22404B}.Debug|Any CPU.ActiveCfg = Debug|Any CPU
		{51874C7F-42B7-FC24-90E5-E84FFF22404B}.Debug|Any CPU.Build.0 = Debug|Any CPU
		{51874C7F-42B7-FC24-90E5-E84FFF22404B}.Release|Any CPU.ActiveCfg = Release|Any CPU
		{51874C7F-42B7-FC24-90E5-E84FFF22404B}.Release|Any CPU.Build.0 = Release|Any CPU
		{9D167EC6-585A-30C5-2592-127ADF749AEE}.Debug|Any CPU.ActiveCfg = Debug|Any CPU
		{9D167EC6-585A-30C5-2592-127ADF749AEE}.Debug|Any CPU.Build.0 = Debug|Any CPU
		{9D167EC6-585A-30C5-2592-127ADF749AEE}.Release|Any CPU.ActiveCfg = Release|Any CPU
		{9D167EC6-585A-30C5-2592-127ADF749AEE}.Release|Any CPU.Build.0 = Release|Any CPU
	EndGlobalSection
	GlobalSection(SolutionProperties) = preSolution
		HideSolutionNode = FALSE
	EndGlobalSection
	GlobalSection(MonoDevelopProperties) = preSolution
		StartupItem = Assembly-CSharp.csproj
	EndGlobalSection
EndGlobal
